
Microsoft Visual Studio Solution File, Format Version 12.00
# Visual Studio 2017
Project("{FAE04EC0-301F-11D3-BF4B-00C04F79EFBC}") = "Protein Structures", "Protein Structures.csproj", "{66FBC788-9130-E026-A315-7EA02DD23BAC}"
EndProject
Project("{FAE04EC0-301F-11D3-BF4B-00C04F79EFBC}") = "Protein Structures.Editor", "Protein Structures.Editor.csproj", "{8128CD93-B450-29CA-6665-B932FA95459D}"
EndProject
Global
	GlobalSection(SolutionConfigurationPlatforms) = preSolution
		Debug|Any CPU = Debug|Any CPU
		Release|Any CPU = Release|Any CPU
	EndGlobalSection
	GlobalSection(ProjectConfigurationPlatforms) = postSolution
		{66FBC788-9130-E026-A315-7EA02DD23BAC}.Debug|Any CPU.ActiveCfg = Debug|Any CPU
		{66FBC788-9130-E026-A315-7EA02DD23BAC}.Debug|Any CPU.Build.0 = Debug|Any CPU
		{66FBC788-9130-E026-A315-7EA02DD23BAC}.Release|Any CPU.ActiveCfg = Release|Any CPU
		{66FBC788-9130-E026-A315-7EA02DD23BAC}.Release|Any CPU.Build.0 = Release|Any CPU
		{8128CD93-B450-29CA-6665-B932FA95459D}.Debug|Any CPU.ActiveCfg = Debug|Any CPU
		{8128CD93-B450-29CA-6665-B932FA95459D}.Debug|Any CPU.Build.0 = Debug|Any CPU
		{8128CD93-B450-29CA-6665-B932FA95459D}.Release|Any CPU.ActiveCfg = Release|Any CPU
		{8128CD93-B450-29CA-6665-B932FA95459D}.Release|Any CPU.Build.0 = Release|Any CPU
	EndGlobalSection
	GlobalSection(SolutionProperties) = preSolution
		HideSolutionNode = FALSE
	EndGlobalSection
EndGlobal
