
Microsoft Visual Studio Solution File, Format Version 12.00
# Visual Studio 15
VisualStudioVersion = 15.0.26430.16
MinimumVisualStudioVersion = 10.0.40219.1
Project("{FAE04EC0-301F-11D3-BF4B-00C04F79EFBC}") = "Protein Structures", "Protein Structures\Protein Structures.csproj", "{13A45C13-3265-47B8-BC48-A553B569DF55}"
EndProject
Project("{FAE04EC0-301F-11D3-BF4B-00C04F79EFBC}") = "Assembly-CSharp", "C:\Users\Nidhi\Desktop\Protein Structures\Proteins Visualization\GeneratedProjects\UWP\Assembly-CSharp\Assembly-CSharp.csproj", "{F6A6502E-0563-4F2F-AB2F-F419DCAEF32C}"
EndProject
Project("{FAE04EC0-301F-11D3-BF4B-00C04F79EFBC}") = "Assembly-CSharp-firstpass", "C:\Users\Nidhi\Desktop\Protein Structures\Proteins Visualization\GeneratedProjects\UWP\Assembly-CSharp-firstpass\Assembly-CSharp-firstpass.csproj", "{3D809680-FCF0-4D67-AAFE-887760998CE9}"
EndProject
Global
	GlobalSection(SolutionConfigurationPlatforms) = preSolution
		Debug|ARM = Debug|ARM
		Debug|x64 = Debug|x64
		Debug|x86 = Debug|x86
		Master|ARM = Master|ARM
		Master|x64 = Master|x64
		Master|x86 = Master|x86
		Release|ARM = Release|ARM
		Release|x64 = Release|x64
		Release|x86 = Release|x86
	EndGlobalSection
	GlobalSection(ProjectConfigurationPlatforms) = postSolution
		{13A45C13-3265-47B8-BC48-A553B569DF55}.Debug|ARM.ActiveCfg = Debug|ARM
		{13A45C13-3265-47B8-BC48-A553B569DF55}.Debug|ARM.Build.0 = Debug|ARM
		{13A45C13-3265-47B8-BC48-A553B569DF55}.Debug|ARM.Deploy.0 = Debug|ARM
		{13A45C13-3265-47B8-BC48-A553B569DF55}.Debug|x64.ActiveCfg = Debug|x64
		{13A45C13-3265-47B8-BC48-A553B569DF55}.Debug|x64.Build.0 = Debug|x64
		{13A45C13-3265-47B8-BC48-A553B569DF55}.Debug|x64.Deploy.0 = Debug|x64
		{13A45C13-3265-47B8-BC48-A553B569DF55}.Debug|x86.ActiveCfg = Debug|x86
		{13A45C13-3265-47B8-BC48-A553B569DF55}.Debug|x86.Build.0 = Debug|x86
		{13A45C13-3265-47B8-BC48-A553B569DF55}.Debug|x86.Deploy.0 = Debug|x86
		{13A45C13-3265-47B8-BC48-A553B569DF55}.Master|ARM.ActiveCfg = Master|ARM
		{13A45C13-3265-47B8-BC48-A553B569DF55}.Master|ARM.Build.0 = Master|ARM
		{13A45C13-3265-47B8-BC48-A553B569DF55}.Master|ARM.Deploy.0 = Master|ARM
		{13A45C13-3265-47B8-BC48-A553B569DF55}.Master|x64.ActiveCfg = Master|x64
		{13A45C13-3265-47B8-BC48-A553B569DF55}.Master|x64.Build.0 = Master|x64
		{13A45C13-3265-47B8-BC48-A553B569DF55}.Master|x64.Deploy.0 = Master|x64
		{13A45C13-3265-47B8-BC48-A553B569DF55}.Master|x86.ActiveCfg = Master|x86
		{13A45C13-3265-47B8-BC48-A553B569DF55}.Master|x86.Build.0 = Master|x86
		{13A45C13-3265-47B8-BC48-A553B569DF55}.Master|x86.Deploy.0 = Master|x86
		{13A45C13-3265-47B8-BC48-A553B569DF55}.Release|ARM.ActiveCfg = Release|ARM
		{13A45C13-3265-47B8-BC48-A553B569DF55}.Release|ARM.Build.0 = Release|ARM
		{13A45C13-3265-47B8-BC48-A553B569DF55}.Release|ARM.Deploy.0 = Release|ARM
		{13A45C13-3265-47B8-BC48-A553B569DF55}.Release|x64.ActiveCfg = Release|x64
		{13A45C13-3265-47B8-BC48-A553B569DF55}.Release|x64.Build.0 = Release|x64
		{13A45C13-3265-47B8-BC48-A553B569DF55}.Release|x64.Deploy.0 = Release|x64
		{13A45C13-3265-47B8-BC48-A553B569DF55}.Release|x86.ActiveCfg = Release|x86
		{13A45C13-3265-47B8-BC48-A553B569DF55}.Release|x86.Build.0 = Release|x86
		{13A45C13-3265-47B8-BC48-A553B569DF55}.Release|x86.Deploy.0 = Release|x86
		{F6A6502E-0563-4F2F-AB2F-F419DCAEF32C}.Debug|ARM.ActiveCfg = Debug|ARM
		{F6A6502E-0563-4F2F-AB2F-F419DCAEF32C}.Debug|ARM.Build.0 = Debug|ARM
		{F6A6502E-0563-4F2F-AB2F-F419DCAEF32C}.Debug|x64.ActiveCfg = Debug|x64
		{F6A6502E-0563-4F2F-AB2F-F419DCAEF32C}.Debug|x64.Build.0 = Debug|x64
		{F6A6502E-0563-4F2F-AB2F-F419DCAEF32C}.Debug|x86.ActiveCfg = Debug|x86
		{F6A6502E-0563-4F2F-AB2F-F419DCAEF32C}.Debug|x86.Build.0 = Debug|x86
		{F6A6502E-0563-4F2F-AB2F-F419DCAEF32C}.Master|ARM.ActiveCfg = Master|ARM
		{F6A6502E-0563-4F2F-AB2F-F419DCAEF32C}.Master|ARM.Build.0 = Master|ARM
		{F6A6502E-0563-4F2F-AB2F-F419DCAEF32C}.Master|x64.ActiveCfg = Master|x64
		{F6A6502E-0563-4F2F-AB2F-F419DCAEF32C}.Master|x64.Build.0 = Master|x64
		{F6A6502E-0563-4F2F-AB2F-F419DCAEF32C}.Master|x86.ActiveCfg = Master|x86
		{F6A6502E-0563-4F2F-AB2F-F419DCAEF32C}.Master|x86.Build.0 = Master|x86
		{F6A6502E-0563-4F2F-AB2F-F419DCAEF32C}.Release|ARM.ActiveCfg = Release|ARM
		{F6A6502E-0563-4F2F-AB2F-F419DCAEF32C}.Release|ARM.Build.0 = Release|ARM
		{F6A6502E-0563-4F2F-AB2F-F419DCAEF32C}.Release|x64.ActiveCfg = Release|x64
		{F6A6502E-0563-4F2F-AB2F-F419DCAEF32C}.Release|x64.Build.0 = Release|x64
		{F6A6502E-0563-4F2F-AB2F-F419DCAEF32C}.Release|x86.ActiveCfg = Release|x86
		{F6A6502E-0563-4F2F-AB2F-F419DCAEF32C}.Release|x86.Build.0 = Release|x86
		{3D809680-FCF0-4D67-AAFE-887760998CE9}.Debug|ARM.ActiveCfg = Debug|ARM
		{3D809680-FCF0-4D67-AAFE-887760998CE9}.Debug|ARM.Build.0 = Debug|ARM
		{3D809680-FCF0-4D67-AAFE-887760998CE9}.Debug|x64.ActiveCfg = Debug|x64
		{3D809680-FCF0-4D67-AAFE-887760998CE9}.Debug|x64.Build.0 = Debug|x64
		{3D809680-FCF0-4D67-AAFE-887760998CE9}.Debug|x86.ActiveCfg = Debug|x86
		{3D809680-FCF0-4D67-AAFE-887760998CE9}.Debug|x86.Build.0 = Debug|x86
		{3D809680-FCF0-4D67-AAFE-887760998CE9}.Master|ARM.ActiveCfg = Master|ARM
		{3D809680-FCF0-4D67-AAFE-887760998CE9}.Master|ARM.Build.0 = Master|ARM
		{3D809680-FCF0-4D67-AAFE-887760998CE9}.Master|x64.ActiveCfg = Master|x64
		{3D809680-FCF0-4D67-AAFE-887760998CE9}.Master|x64.Build.0 = Master|x64
		{3D809680-FCF0-4D67-AAFE-887760998CE9}.Master|x86.ActiveCfg = Master|x86
		{3D809680-FCF0-4D67-AAFE-887760998CE9}.Master|x86.Build.0 = Master|x86
		{3D809680-FCF0-4D67-AAFE-887760998CE9}.Release|ARM.ActiveCfg = Release|ARM
		{3D809680-FCF0-4D67-AAFE-887760998CE9}.Release|ARM.Build.0 = Release|ARM
		{3D809680-FCF0-4D67-AAFE-887760998CE9}.Release|x64.ActiveCfg = Release|x64
		{3D809680-FCF0-4D67-AAFE-887760998CE9}.Release|x64.Build.0 = Release|x64
		{3D809680-FCF0-4D67-AAFE-887760998CE9}.Release|x86.ActiveCfg = Release|x86
		{3D809680-FCF0-4D67-AAFE-887760998CE9}.Release|x86.Build.0 = Release|x86
	EndGlobalSection
	GlobalSection(SolutionProperties) = preSolution
		HideSolutionNode = FALSE
	EndGlobalSection
EndGlobal
